{
  "name": "exam-system",
  "version": "2.0.0",
  "lockfileVersion": 3,
  "requires": true,
  "packages": {
    "": {
      "name": "exam-system",
      "version": "2.0.0",
      "devDependencies": {
        "@rollup/rollup-darwin-arm64": "^4.63.5"
      }
    },
    "node_modules/@rollup/rollup-darwin-arm64": {
      "version": "4.63.5",
      "resolved": "https://registry.npmjs.org/@rollup/rollup-darwin-arm64/-/rollup-darwin-arm64-4.63.5.tgz",
      "integrity": "sha512-wlJEERGfeuHeBavCL2qVnNacOK43NDoZM4sjkeRPymd04OAE9T1zBqDJgmZ+CIsPTYKwdzpUC8vmOw84dwY4Tg==",
      "cpu": [
        "arm64"
      ],
      "dev": true,
      "license": "MIT",
      "os": [
        "darwin"
      ]
    }
  }
}
